github.com/ebitengine/purego v0.9.0 h1:mh0zpKBIXDceC63hpvPuGLiJ8ZAa3DfrFTudmfi8A4k=
github.com/ebitengine/purego v0.9.0/go.mod h1:iIjxzd6CiRiOG0UyXP+V1+jWqUXVjPKLAI0mRfJZTmQ=
github.com/yusing/gointernals v0.1.5 h1:xL9TerQ9LcXo53aOqJ0C+CFgG7eSgHozlScR24STCiA=
github.com/yusing/gointernals v0.1.5/go.mod h1:B/0FVXt4WPmgzVy3ynzkqKi+BSGaJVmwCJBRXYapo34=
