github.com/ebitengine/purego v0.9.0 h1:mh0zpKBIXDceC63hpvPuGLiJ8ZAa3DfrFTudmfi8A4k=
github.com/ebitengine/purego v0.9.0/go.mod h1:iIjxzd6CiRiOG0UyXP+V1+jWqUXVjPKLAI0mRfJZTmQ=
github.com/yusing/gointernals v0.0.0-20250928121937-9d10560ec227 h1:nnETlxM5AjFa5a7913kXnG7dUjoYqIXtZGfcNvUlSXM=
github.com/yusing/gointernals v0.0.0-20250928121937-9d10560ec227/go.mod h1:B/0FVXt4WPmgzVy3ynzkqKi+BSGaJVmwCJBRXYapo34=
github.com/yusing/gointernals v0.1.0 h1:hviMFIfPxIDfPtSeRYCOhNF0c1O5wDqohwToCoRlvfU=
github.com/yusing/gointernals v0.1.0/go.mod h1:B/0FVXt4WPmgzVy3ynzkqKi+BSGaJVmwCJBRXYapo34=
github.com/yusing/gointernals v0.1.1 h1:zDzqCW9BZvGti05GAFocOXN6giVTzTvZpPcMGacYOOg=
github.com/yusing/gointernals v0.1.1/go.mod h1:B/0FVXt4WPmgzVy3ynzkqKi+BSGaJVmwCJBRXYapo34=
github.com/yusing/gointernals v0.1.2 h1:qFPHEq9NOlpio0kKRPmtZlo6KmeViCxGQOCxgRDD/Fg=
github.com/yusing/gointernals v0.1.2/go.mod h1:B/0FVXt4WPmgzVy3ynzkqKi+BSGaJVmwCJBRXYapo34=
github.com/yusing/gointernals v0.1.3 h1:DBBNS7NV/RAuTp1RO3qqRrk92l+fB7rXNbvslHMkFcA=
github.com/yusing/gointernals v0.1.3/go.mod h1:B/0FVXt4WPmgzVy3ynzkqKi+BSGaJVmwCJBRXYapo34=
github.com/yusing/gointernals v0.1.4 h1:Zyl1ps5W7u4NudWAjI1jIj8+wEPFyoIlxX8jyj1H++I=
github.com/yusing/gointernals v0.1.4/go.mod h1:B/0FVXt4WPmgzVy3ynzkqKi+BSGaJVmwCJBRXYapo34=
